// !$*UTF8*$!
{
	archiveVersion = 1;
	classes = {
	};
	objectVersion = 46;
	objects = {

/* Begin PBXBuildFile section */
		3FB1998D1F79375D000B7E6D /* AppDelegate.swift in Sources */ = {isa = PBXBuildFile; fileRef = 3FB1998C1F79375D000B7E6D /* AppDelegate.swift */; };
		3FB1998F1F79375D000B7E6D /* ViewController.swift in Sources */ = {isa = PBXBuildFile; fileRef = 3FB1998E1F79375D000B7E6D /* ViewController.swift */; };
		3FB199921F79375D000B7E6D /* Main.storyboard in Resources */ = {isa = PBXBuildFile; fileRef = 3FB199901F79375D000B7E6D /* Main.storyboard */; };
		3FB199951F79375D000B7E6D /* iOSCalculator.xcdatamodeld in Sources */ = {isa = PBXBuildFile; fileRef = 3FB199931F79375D000B7E6D /* iOSCalculator.xcdatamodeld */; };
		3FB199971F79375D000B7E6D /* Assets.xcassets in Resources */ = {isa = PBXBuildFile; fileRef = 3FB199961F79375D000B7E6D /* Assets.xcassets */; };
		3FB1999A1F79375D000B7E6D /* LaunchScreen.storyboard in Resources */ = {isa = PBXBuildFile; fileRef = 3FB199981F79375D000B7E6D /* LaunchScreen.storyboard */; };
/* End PBXBuildFile section */

/* Begin PBXFileReference section */
		3FB199891F79375D000B7E6D /* iOSCalculator.app */ = {isa = PBXFileReference; explicitFileType = wrapper.application; includeInIndex = 0; path = iOSCalculator.app; sourceTree = BUILT_PRODUCTS_DIR; };
		3FB1998C1F79375D000B7E6D /* AppDelegate.swift */ = {isa = PBXFileReference; lastKnownFileType = sourcecode.swift; path = AppDelegate.swift; sourceTree = "<group>"; };
		3FB1998E1F79375D000B7E6D /* ViewController.swift */ = {isa = PBXFileReference; lastKnownFileType = sourcecode.swift; path = ViewController.swift; sourceTree = "<group>"; };
		3FB199911F79375D000B7E6D /* Base */ = {isa = PBXFileReference; lastKnownFileType = file.storyboard; name = Base; path = Base.lproj/Main.storyboard; sourceTree = "<group>"; };
		3FB199941F79375D000B7E6D /* iOSCalculator.xcdatamodel */ = {isa = PBXFileReference; lastKnownFileType = wrapper.xcdatamodel; path = iOSCalculator.xcdatamodel; sourceTree = "<group>"; };
		3FB199961F79375D000B7E6D /* Assets.xcassets */ = {isa = PBXFileReference; lastKnownFileType = folder.assetcatalog; path = Assets.xcassets; sourceTree = "<group>"; };
		3FB199991F79375D000B7E6D /* Base */ = {isa = PBXFileReference; lastKnownFileType = file.storyboard; name = Base; path = Base.lproj/LaunchScreen.storyboard; sourceTree = "<group>"; };
		3FB1999B1F79375D000B7E6D /* Info.plist */ = {isa = PBXFileReference; lastKnownFileType = text.plist.xml; path = Info.plist; sourceTree = "<group>"; };
/* End PBXFileReference section */

/* Begin PBXFrameworksBuildPhase section */
		3FB199861F79375D000B7E6D /* Frameworks */ = {
			isa = PBXFrameworksBuildPhase;
			buildActionMask = 2147483647;
			files = (
			);
			runOnlyForDeploymentPostprocessing = 0;
		};
/* End PBXFrameworksBuildPhase section */

/* Begin PBXGroup section */
		3FB199801F79375D000B7E6D = {
			isa = PBXGroup;
			children = (
				3FB1998B1F79375D000B7E6D /* iOSCalculator */,
				3FB1998A1F79375D000B7E6D /* Products */,
			);
			sourceTree = "<group>";
		};
		3FB1998A1F79375D000B7E6D /* Products */ = {
			isa = PBXGroup;
			children = (
				3FB199891F79375D000B7E6D /* iOSCalculator.app */,
			);
			name = Products;
			sourceTree = "<group>";
		};
		3FB1998B1F79375D000B7E6D /* iOSCalculator */ = {
			isa = PBXGroup;
			children = (
				3FB1998C1F79375D000B7E6D /* AppDelegate.swift */,
				3FB1998E1F79375D000B7E6D /* ViewController.swift */,
				3FB199901F79375D000B7E6D /* Main.storyboard */,
				3FB199961F79375D000B7E6D /* Assets.xcassets */,
				3FB199981F79375D000B7E6D /* LaunchScreen.storyboard */,
				3FB1999B1F79375D000B7E6D /* Info.plist */,
				3FB199931F79375D000B7E6D /* iOSCalculator.xcdatamodeld */,
			);
			path = iOSCalculator;
			sourceTree = "<group>";
		};
/* End PBXGroup section */

/* Begin PBXNativeTarget section */
		3FB199881F79375D000B7E6D /* iOSCalculator */ = {
			isa = PBXNativeTarget;
			buildConfigurationList = 3FB1999E1F79375D000B7E6D /* Build configuration list for PBXNativeTarget "iOSCalculator" */;
			buildPhases = (
				3FB199851F79375D000B7E6D /* Sources */,
				3FB199861F79375D000B7E6D /* Frameworks */,
				3FB199871F79375D000B7E6D /* Resources */,
			);
			buildRules = (
			);
			dependencies = (
			);
			name = iOSCalculator;
			productName = iOSCalculator;
			productReference = 3FB199891F79375D000B7E6D /* iOSCalculator.app */;
			productType = "com.apple.product-type.application";
		};
/* End PBXNativeTarget section */

/* Begin PBXProject section */
		3FB199811F79375D000B7E6D /* Project object */ = {
			isa = PBXProject;
			attributes = {
				LastSwiftUpdateCheck = 0830;
				LastUpgradeCheck = 0830;
				ORGANIZATIONNAME = "Jeremy Rodriguez";
				TargetAttributes = {
					3FB199881F79375D000B7E6D = {
						CreatedOnToolsVersion = 8.3.3;
						ProvisioningStyle = Automatic;
					};
				};
			};
			buildConfigurationList = 3FB199841F79375D000B7E6D /* Build configuration list for PBXProject "iOSCalculator" */;
			compatibilityVersion = "Xcode 3.2";
			developmentRegion = English;
			hasScannedForEncodings = 0;
			knownRegions = (
				en,
				Base,
			);
			mainGroup = 3FB199801F79375D000B7E6D;
			productRefGroup = 3FB1998A1F79375D000B7E6D /* Products */;
			projectDirPath = "";
			projectRoot = "";
			targets = (
				3FB199881F79375D000B7E6D /* iOSCalculator */,
			);
		};
/* End PBXProject section */

/* Begin PBXResourcesBuildPhase section */
		3FB199871F79375D000B7E6D /* Resources */ = {
			isa = PBXResourcesBuildPhase;
			buildActionMask = 2147483647;
			files = (
				3FB1999A1F79375D000B7E6D /* LaunchScreen.storyboard in Resources */,
				3FB199971F79375D000B7E6D /* Assets.xcassets in Resources */,
				3FB199921F79375D000B7E6D /* Main.storyboard in Resources */,
			);
			runOnlyForDeploymentPostprocessing = 0;
		};
/* End PBXResourcesBuildPhase section */

/* Begin PBXSourcesBuildPhase section */
		3FB199851F79375D000B7E6D /* Sources */ = {
			isa = PBXSourcesBuildPhase;
			buildActionMask = 2147483647;
			files = (
				3FB1998F1F79375D000B7E6D /* ViewController.swift in Sources */,
				3FB1998D1F79375D000B7E6D /* AppDelegate.swift in Sources */,
				3FB199951F79375D000B7E6D /* iOSCalculator.xcdatamodeld in Sources */,
			);
			runOnlyForDeploymentPostprocessing = 0;
		};
/* End PBXSourcesBuildPhase section */

/* Begin PBXVariantGroup section */
		3FB199901F79375D000B7E6D /* Main.storyboard */ = {
			isa = PBXVariantGroup;
			children = (
				3FB199911F79375D000B7E6D /* Base */,
			);
			name = Main.storyboard;
			sourceTree = "<group>";
		};
		3FB199981F79375D000B7E6D /* LaunchScreen.storyboard */ = {
			isa = PBXVariantGroup;
			children = (
				3FB199991F79375D000B7E6D /* Base */,
			);
			name = LaunchScreen.storyboard;
			sourceTree = "<group>";
		};
/* End PBXVariantGroup section */

/* Begin XCBuildConfiguration section */
		3FB1999C1F79375D000B7E6D /* Debug */ = {
			isa = XCBuildConfiguration;
			buildSettings = {
				ALWAYS_SEARCH_USER_PATHS = NO;
				CLANG_ANALYZER_NONNULL = YES;
				CLANG_ANALYZER_NUMBER_OBJECT_CONVERSION = YES_AGGRESSIVE;
				CLANG_CXX_LANGUAGE_STANDARD = "gnu++0x";
				CLANG_CXX_LIBRARY = "libc++";
				CLANG_ENABLE_MODULES = YES;
				CLANG_ENABLE_OBJC_ARC = YES;
				CLANG_WARN_BOOL_CONVERSION = YES;
				CLANG_WARN_CONSTANT_CONVERSION = YES;
				CLANG_WARN_DIRECT_OBJC_ISA_USAGE = YES_ERROR;
				CLANG_WARN_DOCUMENTATION_COMMENTS = YES;
				CLANG_WARN_EMPTY_BODY = YES;
				CLANG_WARN_ENUM_CONVERSION = YES;
				CLANG_WARN_INFINITE_RECURSION = YES;
				CLANG_WARN_INT_CONVERSION = YES;
				CLANG_WARN_OBJC_ROOT_CLASS = YES_ERROR;
				CLANG_WARN_SUSPICIOUS_MOVE = YES;
				CLANG_WARN_UNREACHABLE_CODE = YES;
				CLANG_WARN__DUPLICATE_METHOD_MATCH = YES;
				"CODE_SIGN_IDENTITY[sdk=iphoneos*]" = "iPhone Developer";
				COPY_PHASE_STRIP = NO;
				DEBUG_INFORMATION_FORMAT = dwarf;
				ENABLE_STRICT_OBJC_MSGSEND = YES;
				ENABLE_TESTABILITY = YES;
				GCC_C_LANGUAGE_STANDARD = gnu99;
				GCC_DYNAMIC_NO_PIC = NO;
				GCC_NO_COMMON_BLOCKS = YES;
				GCC_OPTIMIZATION_LEVEL = 0;
				GCC_PREPROCESSOR_DEFINITIONS = (
					"DEBUG=1",
					"$(inherited)",
				);
				GCC_WARN_64_TO_32_BIT_CONVERSION = YES;
				GCC_WARN_ABOUT_RETURN_TYPE = YES_ERROR;
				GCC_WARN_UNDECLARED_SELECTOR = YES;
				GCC_WARN_UNINITIALIZED_AUTOS = YES_AGGRESSIVE;
				GCC_WARN_UNUSED_FUNCTION = YES;
				GCC_WARN_UNUSED_VARIABLE = YES;
				IPHONEOS_DEPLOYMENT_TARGET = 10.3;
				MTL_ENABLE_DEBUG_INFO = YES;
				ONLY_ACTIVE_ARCH = YES;
				SDKROOT = iphoneos;
				SWIFT_ACTIVE_COMPILATION_CONDITIONS = DEBUG;
				SWIFT_OPTIMIZATION_LEVEL = "-Onone";
				TARGETED_DEVICE_FAMILY = "1,2";
			};
			name = Debug;
		};
		3FB1999D1F79375D000B7E6D /* Release */ = {
			isa = XCBuildConfiguration;
			buildSettings = {
				ALWAYS_SEARCH_USER_PATHS = NO;
				CLANG_ANALYZER_NONNULL = YES;
				CLANG_ANALYZER_NUMBER_OBJECT_CONVERSION = YES_AGGRESSIVE;
				CLANG_CXX_LANGUAGE_STANDARD = "gnu++0x";
				CLANG_CXX_LIBRARY = "libc++";
				CLANG_ENABLE_MODULES = YES;
				CLANG_ENABLE_OBJC_ARC = YES;
				CLANG_WARN_BOOL_CONVERSION = YES;
				CLANG_WARN_CONSTANT_CONVERSION = YES;
				CLANG_WARN_DIRECT_OBJC_ISA_USAGE = YES_ERROR;
				CLANG_WARN_DOCUMENTATION_COMMENTS = YES;
				CLANG_WARN_EMPTY_BODY = YES;
				CLANG_WARN_ENUM_CONVERSION = YES;
				CLANG_WARN_INFINITE_RECURSION = YES;
				CLANG_WARN_INT_CONVERSION = YES;
				CLANG_WARN_OBJC_ROOT_CLASS = YES_ERROR;
				CLANG_WARN_SUSPICIOUS_MOVE = YES;
				CLANG_WARN_UNREACHABLE_CODE = YES;
				CLANG_WARN__DUPLICATE_METHOD_MATCH = YES;
				"CODE_SIGN_IDENTITY[sdk=iphoneos*]" = "iPhone Developer";
				COPY_PHASE_STRIP = NO;
				DEBUG_INFORMATION_FORMAT = "dwarf-with-dsym";
				ENABLE_NS_ASSERTIONS = NO;
				ENABLE_STRICT_OBJC_MSGSEND = YES;
				GCC_C_LANGUAGE_STANDARD = gnu99;
				GCC_NO_COMMON_BLOCKS = YES;
				GCC_WARN_64_TO_32_BIT_CONVERSION = YES;
				GCC_WARN_ABOUT_RETURN_TYPE = YES_ERROR;
				GCC_WARN_UNDECLARED_SELECTOR = YES;
				GCC_WARN_UNINITIALIZED_AUTOS = YES_AGGRESSIVE;
				GCC_WARN_UNUSED_FUNCTION = YES;
				GCC_WARN_UNUSED_VARIABLE = YES;
				IPHONEOS_DEPLOYMENT_TARGET = 10.3;
				MTL_ENABLE_DEBUG_INFO = NO;
				SDKROOT = iphoneos;
				SWIFT_OPTIMIZATION_LEVEL = "-Owholemodule";
				TARGETED_DEVICE_FAMILY = "1,2";
				VALIDATE_PRODUCT = YES;
			};
			name = Release;
		};
		3FB1999F1F79375D000B7E6D /* Debug */ = {
			isa = XCBuildConfiguration;
			buildSettings = {
				ASSETCATALOG_COMPILER_APPICON_NAME = AppIcon;
				INFOPLIST_FILE = iOSCalculator/Info.plist;
				LD_RUNPATH_SEARCH_PATHS = "$(inherited) @executable_path/Frameworks";
				PRODUCT_BUNDLE_IDENTIFIER = com.JeremyRodriguez.iOSCalculator;
				PRODUCT_NAME = "$(TARGET_NAME)";
				SWIFT_VERSION = 3.0;
			};
			name = Debug;
		};
		3FB199A01F79375D000B7E6D /* Release */ = {
			isa = XCBuildConfiguration;
			buildSettings = {
				ASSETCATALOG_COMPILER_APPICON_NAME = AppIcon;
				INFOPLIST_FILE = iOSCalculator/Info.plist;
				LD_RUNPATH_SEARCH_PATHS = "$(inherited) @executable_path/Frameworks";
				PRODUCT_BUNDLE_IDENTIFIER = com.JeremyRodriguez.iOSCalculator;
				PRODUCT_NAME = "$(TARGET_NAME)";
				SWIFT_VERSION = 3.0;
			};
			name = Release;
		};
/* End XCBuildConfiguration section */

/* Begin XCConfigurationList section */
		3FB199841F79375D000B7E6D /* Build configuration list for PBXProject "iOSCalculator" */ = {
			isa = XCConfigurationList;
			buildConfigurations = (
				3FB1999C1F79375D000B7E6D /* Debug */,
				3FB1999D1F79375D000B7E6D /* Release */,
			);
			defaultConfigurationIsVisible = 0;
			defaultConfigurationName = Release;
		};
		3FB1999E1F79375D000B7E6D /* Build configuration list for PBXNativeTarget "iOSCalculator" */ = {
			isa = XCConfigurationList;
			buildConfigurations = (
				3FB1999F1F79375D000B7E6D /* Debug */,
				3FB199A01F79375D000B7E6D /* Release */,
			);
			defaultConfigurationIsVisible = 0;
		};
/* End XCConfigurationList section */

/* Begin XCVersionGroup section */
		3FB199931F79375D000B7E6D /* iOSCalculator.xcdatamodeld */ = {
			isa = XCVersionGroup;
			children = (
				3FB199941F79375D000B7E6D /* iOSCalculator.xcdatamodel */,
			);
			currentVersion = 3FB199941F79375D000B7E6D /* iOSCalculator.xcdatamodel */;
			path = iOSCalculator.xcdatamodeld;
			sourceTree = "<group>";
			versionGroupType = wrapper.xcdatamodel;
		};
/* End XCVersionGroup section */
	};
	rootObject = 3FB199811F79375D000B7E6D /* Project object */;
}
